# THIS IS AN AUTOGENERATED FILE. DO NOT EDIT THIS FILE DIRECTLY.
# yarn lockfile v1


"@types/node@>=18.18.2":
  version "20.10.0"
  resolved "https://registry.yarnpkg.com/@types/node/-/node-20.10.0.tgz#16ddf9c0a72b832ec4fcce35b8249cf149214617"
  integrity sha512-D0WfRmU9TQ8I9PFx9Yc+EBHw+vSpIub4IDvQivcp26PtPrdMGAq5SDcpXEo/epqa/DXotVpekHiLNTg3iaKXBQ==
  dependencies:
    undici-types "~5.26.4"

doge-don@^0.1.0-3:
  version "0.1.0-3"
  resolved "https://registry.yarnpkg.com/doge-don/-/doge-don-0.1.0-3.tgz#8bfc9ae755dc8275e69eef4a0447108c85f02d0f"
  integrity sha512-j2P7H393BHUg8q3xA75CvW9focZ39CYm36kT81bUzr+V4WtxD+KXZiDjpCIpVwO0gn67Y9Py0hpXalZDYTXojw==

ps-std@^0.1.24:
  version "0.1.24"
  resolved "https://registry.yarnpkg.com/ps-std/-/ps-std-0.1.24.tgz#22e083d91bed88071f7193a82be037d267ad1d75"
  integrity sha512-wvIci6gp83q3tcEqDJd8P7pShAI9wmlNVcaRzmr7VRLCZ2x2vGkso+qaInA1T6aXDliROX3PQeHlrDFzZ6rNvw==

undici-types@~5.26.4:
  version "5.26.5"
  resolved "https://registry.yarnpkg.com/undici-types/-/undici-types-5.26.5.tgz#bcd539893d00b56e964fd2657a4866b221a65617"
  integrity sha512-JlCMO+ehdEIKqlFxk6IfVoAUVmgz7cU7zD/h9XZ0qzeosSHmUJVOzSQvvYSYWXkFXC+IfLKSIffhv0sVZup6pA==
