# THIS IS AN AUTOGENERATED FILE. DO NOT EDIT THIS FILE DIRECTLY.
# yarn lockfile v1


"@types/node@>=18.18.2":
  version "20.10.0"
  resolved "https://registry.yarnpkg.com/@types/node/-/node-20.10.0.tgz#16ddf9c0a72b832ec4fcce35b8249cf149214617"
  integrity sha512-D0WfRmU9TQ8I9PFx9Yc+EBHw+vSpIub4IDvQivcp26PtPrdMGAq5SDcpXEo/epqa/DXotVpekHiLNTg3iaKXBQ==
  dependencies:
    undici-types "~5.26.4"

base64-js@^1.3.1:
  version "1.5.1"
  resolved "https://registry.yarnpkg.com/base64-js/-/base64-js-1.5.1.tgz#1b1b440160a5bf7ad40b650f095963481903930a"
  integrity sha512-AKpaYlHn8t4SVbOHCy+b5+KKgvR4vrsD8vbvrbiQJps7fKDTkjkDry6ji0rUJjC0kzbNePLwzxq8iypo41qeWA==

buffer@^6.0.3:
  version "6.0.3"
  resolved "https://registry.yarnpkg.com/buffer/-/buffer-6.0.3.tgz#2ace578459cc8fbe2a70aaa8f52ee63b6a74c6c6"
  integrity sha512-FTiCpNxtwiZZHEZbcbTIcZjERVICn9yq/pDFkTl95/AxzD1naBctN7YO68riM/gLSDY7sdrMby8hofADYuuqOA==
  dependencies:
    base64-js "^1.3.1"
    ieee754 "^1.2.1"

doge-don@^0.1.0-15:
  version "0.1.0-15"
  resolved "https://registry.yarnpkg.com/doge-don/-/doge-don-0.1.0-15.tgz#598ce7c66ee72f799fee7479f47d0853f76418f9"
  integrity sha512-29Iv3/L6HOZ6qb76xtpzZ+dT0zhNi6hC90F5JZlHAKkOlQjOvbSljAqsW7uplffyPuodhWXiLFgolgss9yiZbg==
  dependencies:
    doge-fs "^0.1.0-3"

doge-fs@^0.1.0-3:
  version "0.1.0-3"
  resolved "https://registry.yarnpkg.com/doge-fs/-/doge-fs-0.1.0-3.tgz#5559da1461ac7c3f215026dd2b6fc2216948df5a"
  integrity sha512-Q1YoOwub8oKiGCk45FXzdxVqUhNGtSUAV3v+Ls/yFhrdX7vUgolrjmKVTi4u+FCFWay69100vGFDFSwXNhpo7w==
  dependencies:
    fix-buffer-in-browser "^0.1.2"
    ps-std "^0.1.49"

fix-buffer-in-browser@^0.1.2:
  version "0.1.2"
  resolved "https://registry.yarnpkg.com/fix-buffer-in-browser/-/fix-buffer-in-browser-0.1.2.tgz#84f41b53a5156211944f2a81ddd75a9713789dbb"
  integrity sha512-2KJwKN2tUJVUy6x8cUOG/QsXMZvp0MQJayl/saWBCpC8Z9sOw9Umn8SI3Tr7COjhwUcaAQUv0VxFyOBvDwdUEw==
  dependencies:
    buffer "^6.0.3"

ieee754@^1.2.1:
  version "1.2.1"
  resolved "https://registry.yarnpkg.com/ieee754/-/ieee754-1.2.1.tgz#8eb7a10a63fff25d15a57b001586d177d1b0d352"
  integrity sha512-dcyqhDvX1C46lXZcVqCpK+FtMRQVdIMN6/Df5js2zouUsqG7I6sFxitIC+7KYK29KdXOLHdu9zL4sFnoVQnqaA==

ps-std@^0.1.49:
  version "0.1.49"
  resolved "https://registry.yarnpkg.com/ps-std/-/ps-std-0.1.49.tgz#f8f0ced68b41f9028145fbcf1f6338567c81d03a"
  integrity sha512-ccET7JCYxI+MKT4OooVEcyX8GLh/owpvVdVzqdGKsy5Xb3XUi0INYCzduCJ4mBMn4xU9XK78908AlhjqCthkkw==

undici-types@~5.26.4:
  version "5.26.5"
  resolved "https://registry.yarnpkg.com/undici-types/-/undici-types-5.26.5.tgz#bcd539893d00b56e964fd2657a4866b221a65617"
  integrity sha512-JlCMO+ehdEIKqlFxk6IfVoAUVmgz7cU7zD/h9XZ0qzeosSHmUJVOzSQvvYSYWXkFXC+IfLKSIffhv0sVZup6pA==
